
Microsoft Visual Studio Solution File, Format Version 12.00
# Visual Studio Version 16
VisualStudioVersion = 16.0.31019.35
MinimumVisualStudioVersion = 10.0.40219.1
Project("{FAE04EC0-301F-11D3-BF4B-00C04F79EFBC}") = "Web410818645", "Web410818645\Web410818645.csproj", "{754BC086-D6D2-4D2A-917E-111015667473}"
EndProject
Global
	GlobalSection(SolutionConfigurationPlatforms) = preSolution
		Debug|Any CPU = Debug|Any CPU
		Release|Any CPU = Release|Any CPU
	EndGlobalSection
	GlobalSection(ProjectConfigurationPlatforms) = postSolution
		{754BC086-D6D2-4D2A-917E-111015667473}.Debug|Any CPU.ActiveCfg = Debug|Any CPU
		{754BC086-D6D2-4D2A-917E-111015667473}.Debug|Any CPU.Build.0 = Debug|Any CPU
		{754BC086-D6D2-4D2A-917E-111015667473}.Release|Any CPU.ActiveCfg = Release|Any CPU
		{754BC086-D6D2-4D2A-917E-111015667473}.Release|Any CPU.Build.0 = Release|Any CPU
	EndGlobalSection
	GlobalSection(SolutionProperties) = preSolution
		HideSolutionNode = FALSE
	EndGlobalSection
	GlobalSection(ExtensibilityGlobals) = postSolution
		SolutionGuid = {255D4AB7-4F8F-4648-9915-FFAE650D7126}
	EndGlobalSection
EndGlobal
